
Microsoft Visual Studio Solution File, Format Version 12.00
# Visual Studio Version 16
VisualStudioVersion = 16.0.29324.140
MinimumVisualStudioVersion = 10.0.40219.1
Project("{FAE04EC0-301F-11D3-BF4B-00C04F79EFBC}") = "itpro2", "itpro2\itpro2.csproj", "{279033D7-E5A1-4841-BB18-C8EECC0D932B}"
EndProject
Global
	GlobalSection(SolutionConfigurationPlatforms) = preSolution
		Debug|Any CPU = Debug|Any CPU
		Release|Any CPU = Release|Any CPU
	EndGlobalSection
	GlobalSection(ProjectConfigurationPlatforms) = postSolution
		{279033D7-E5A1-4841-BB18-C8EECC0D932B}.Debug|Any CPU.ActiveCfg = Debug|Any CPU
		{279033D7-E5A1-4841-BB18-C8EECC0D932B}.Debug|Any CPU.Build.0 = Debug|Any CPU
		{279033D7-E5A1-4841-BB18-C8EECC0D932B}.Release|Any CPU.ActiveCfg = Release|Any CPU
		{279033D7-E5A1-4841-BB18-C8EECC0D932B}.Release|Any CPU.Build.0 = Release|Any CPU
	EndGlobalSection
	GlobalSection(SolutionProperties) = preSolution
		HideSolutionNode = FALSE
	EndGlobalSection
	GlobalSection(ExtensibilityGlobals) = postSolution
		SolutionGuid = {97B035B5-74C9-422F-9833-7FCC0705DE5B}
	EndGlobalSection
EndGlobal
